// !$*UTF8*$!
{
	archiveVersion = 1;
	classes = {
	};
	objectVersion = 50;
	objects = {

/* Begin PBXBuildFile section */
		5C46005E207535DA00E1A464 /* main.swift in Sources */ = {isa = PBXBuildFile; fileRef = 5C46005D207535DA00E1A464 /* main.swift */; };
		5C46006B2075360E00E1A464 /* MultiArmedBanditsTests.swift in Sources */ = {isa = PBXBuildFile; fileRef = 5C46006A2075360E00E1A464 /* MultiArmedBanditsTests.swift */; };
		5C4600712075364200E1A464 /* Random.swift in Sources */ = {isa = PBXBuildFile; fileRef = 5C4600702075364200E1A464 /* Random.swift */; };
		5C4600732075365000E1A464 /* Bandit.swift in Sources */ = {isa = PBXBuildFile; fileRef = 5C4600722075365000E1A464 /* Bandit.swift */; };
		5C4600752075366200E1A464 /* GradientAlgorithm.swift in Sources */ = {isa = PBXBuildFile; fileRef = 5C4600742075366200E1A464 /* GradientAlgorithm.swift */; };
		5C4600772075369D00E1A464 /* Utilities.swift in Sources */ = {isa = PBXBuildFile; fileRef = 5C4600762075369D00E1A464 /* Utilities.swift */; };
		5C46007C2075592900E1A464 /* Foo.swift in Sources */ = {isa = PBXBuildFile; fileRef = 5C46007B2075592900E1A464 /* Foo.swift */; };
		5C46007E207559F100E1A464 /* Exact.swift in Sources */ = {isa = PBXBuildFile; fileRef = 5C46007D207559F100E1A464 /* Exact.swift */; };
		5C4600802078D52500E1A464 /* NumericalDifferentiation.swift in Sources */ = {isa = PBXBuildFile; fileRef = 5C46007F2078D52500E1A464 /* NumericalDifferentiation.swift */; };
		5C46009620792C7300E1A464 /* BanditConvexOptimization.swift in Sources */ = {isa = PBXBuildFile; fileRef = 5C46009520792C7300E1A464 /* BanditConvexOptimization.swift */; };
		5C46009720792DE600E1A464 /* Random.swift in Sources */ = {isa = PBXBuildFile; fileRef = 5C4600702075364200E1A464 /* Random.swift */; };
		5C46009820792DFA00E1A464 /* Utilities.swift in Sources */ = {isa = PBXBuildFile; fileRef = 5C4600762075369D00E1A464 /* Utilities.swift */; };
/* End PBXBuildFile section */

/* Begin PBXCopyFilesBuildPhase section */
		5C460058207535DA00E1A464 /* CopyFiles */ = {
			isa = PBXCopyFilesBuildPhase;
			buildActionMask = 2147483647;
			dstPath = /usr/share/man/man1/;
			dstSubfolderSpec = 0;
			files = (
			);
			runOnlyForDeploymentPostprocessing = 1;
		};
/* End PBXCopyFilesBuildPhase section */

/* Begin PBXFileReference section */
		5C46005A207535DA00E1A464 /* MultiArmedBandits */ = {isa = PBXFileReference; explicitFileType = "compiled.mach-o.executable"; includeInIndex = 0; path = MultiArmedBandits; sourceTree = BUILT_PRODUCTS_DIR; };
		5C46005D207535DA00E1A464 /* main.swift */ = {isa = PBXFileReference; lastKnownFileType = sourcecode.swift; path = main.swift; sourceTree = "<group>"; };
		5C4600682075360E00E1A464 /* MultiArmedBanditsTests.xctest */ = {isa = PBXFileReference; explicitFileType = wrapper.cfbundle; includeInIndex = 0; path = MultiArmedBanditsTests.xctest; sourceTree = BUILT_PRODUCTS_DIR; };
		5C46006A2075360E00E1A464 /* MultiArmedBanditsTests.swift */ = {isa = PBXFileReference; lastKnownFileType = sourcecode.swift; path = MultiArmedBanditsTests.swift; sourceTree = "<group>"; };
		5C46006C2075360E00E1A464 /* Info.plist */ = {isa = PBXFileReference; lastKnownFileType = text.plist.xml; path = Info.plist; sourceTree = "<group>"; };
		5C4600702075364200E1A464 /* Random.swift */ = {isa = PBXFileReference; lastKnownFileType = sourcecode.swift; path = Random.swift; sourceTree = "<group>"; };
		5C4600722075365000E1A464 /* Bandit.swift */ = {isa = PBXFileReference; lastKnownFileType = sourcecode.swift; path = Bandit.swift; sourceTree = "<group>"; };
		5C4600742075366200E1A464 /* GradientAlgorithm.swift */ = {isa = PBXFileReference; lastKnownFileType = sourcecode.swift; path = GradientAlgorithm.swift; sourceTree = "<group>"; };
		5C4600762075369D00E1A464 /* Utilities.swift */ = {isa = PBXFileReference; lastKnownFileType = sourcecode.swift; path = Utilities.swift; sourceTree = "<group>"; };
		5C460078207536CA00E1A464 /* README.md */ = {isa = PBXFileReference; lastKnownFileType = net.daringfireball.markdown; path = README.md; sourceTree = "<group>"; };
		5C460079207536E800E1A464 /* .gitignore */ = {isa = PBXFileReference; lastKnownFileType = text; path = .gitignore; sourceTree = "<group>"; };
		5C46007B2075592900E1A464 /* Foo.swift */ = {isa = PBXFileReference; lastKnownFileType = sourcecode.swift; path = Foo.swift; sourceTree = "<group>"; };
		5C46007D207559F100E1A464 /* Exact.swift */ = {isa = PBXFileReference; lastKnownFileType = sourcecode.swift; path = Exact.swift; sourceTree = "<group>"; };
		5C46007F2078D52500E1A464 /* NumericalDifferentiation.swift */ = {isa = PBXFileReference; lastKnownFileType = sourcecode.swift; path = NumericalDifferentiation.swift; sourceTree = "<group>"; };
		5C46009520792C7300E1A464 /* BanditConvexOptimization.swift */ = {isa = PBXFileReference; lastKnownFileType = sourcecode.swift; path = BanditConvexOptimization.swift; sourceTree = "<group>"; };
/* End PBXFileReference section */

/* Begin PBXFrameworksBuildPhase section */
		5C460057207535DA00E1A464 /* Frameworks */ = {
			isa = PBXFrameworksBuildPhase;
			buildActionMask = 2147483647;
			files = (
			);
			runOnlyForDeploymentPostprocessing = 0;
		};
		5C4600652075360E00E1A464 /* Frameworks */ = {
			isa = PBXFrameworksBuildPhase;
			buildActionMask = 2147483647;
			files = (
			);
			runOnlyForDeploymentPostprocessing = 0;
		};
/* End PBXFrameworksBuildPhase section */

/* Begin PBXGroup section */
		5C460051207535DA00E1A464 = {
			isa = PBXGroup;
			children = (
				5C46007A2075591000E1A464 /* Test */,
				5C460079207536E800E1A464 /* .gitignore */,
				5C460078207536CA00E1A464 /* README.md */,
				5C46005C207535DA00E1A464 /* MultiArmedBandits */,
				5C4600692075360E00E1A464 /* MultiArmedBanditsTests */,
				5C46005B207535DA00E1A464 /* Products */,
			);
			sourceTree = "<group>";
		};
		5C46005B207535DA00E1A464 /* Products */ = {
			isa = PBXGroup;
			children = (
				5C46005A207535DA00E1A464 /* MultiArmedBandits */,
				5C4600682075360E00E1A464 /* MultiArmedBanditsTests.xctest */,
			);
			name = Products;
			sourceTree = "<group>";
		};
		5C46005C207535DA00E1A464 /* MultiArmedBandits */ = {
			isa = PBXGroup;
			children = (
				5C46005D207535DA00E1A464 /* main.swift */,
				5C4600702075364200E1A464 /* Random.swift */,
				5C4600722075365000E1A464 /* Bandit.swift */,
				5C4600742075366200E1A464 /* GradientAlgorithm.swift */,
				5C4600762075369D00E1A464 /* Utilities.swift */,
			);
			path = MultiArmedBandits;
			sourceTree = "<group>";
		};
		5C4600692075360E00E1A464 /* MultiArmedBanditsTests */ = {
			isa = PBXGroup;
			children = (
				5C46006A2075360E00E1A464 /* MultiArmedBanditsTests.swift */,
				5C46006C2075360E00E1A464 /* Info.plist */,
			);
			path = MultiArmedBanditsTests;
			sourceTree = "<group>";
		};
		5C46007A2075591000E1A464 /* Test */ = {
			isa = PBXGroup;
			children = (
				5C46007D207559F100E1A464 /* Exact.swift */,
				5C46007B2075592900E1A464 /* Foo.swift */,
				5C46007F2078D52500E1A464 /* NumericalDifferentiation.swift */,
				5C46009520792C7300E1A464 /* BanditConvexOptimization.swift */,
			);
			path = Test;
			sourceTree = "<group>";
		};
/* End PBXGroup section */

/* Begin PBXNativeTarget section */
		5C460059207535DA00E1A464 /* MultiArmedBandits */ = {
			isa = PBXNativeTarget;
			buildConfigurationList = 5C460061207535DA00E1A464 /* Build configuration list for PBXNativeTarget "MultiArmedBandits" */;
			buildPhases = (
				5C460056207535DA00E1A464 /* Sources */,
				5C460057207535DA00E1A464 /* Frameworks */,
				5C460058207535DA00E1A464 /* CopyFiles */,
			);
			buildRules = (
			);
			dependencies = (
			);
			name = MultiArmedBandits;
			productName = MultiArmedBandits;
			productReference = 5C46005A207535DA00E1A464 /* MultiArmedBandits */;
			productType = "com.apple.product-type.tool";
		};
		5C4600672075360E00E1A464 /* MultiArmedBanditsTests */ = {
			isa = PBXNativeTarget;
			buildConfigurationList = 5C46006D2075360E00E1A464 /* Build configuration list for PBXNativeTarget "MultiArmedBanditsTests" */;
			buildPhases = (
				5C4600642075360E00E1A464 /* Sources */,
				5C4600652075360E00E1A464 /* Frameworks */,
				5C4600662075360E00E1A464 /* Resources */,
			);
			buildRules = (
			);
			dependencies = (
			);
			name = MultiArmedBanditsTests;
			productName = MultiArmedBanditsTests;
			productReference = 5C4600682075360E00E1A464 /* MultiArmedBanditsTests.xctest */;
			productType = "com.apple.product-type.bundle.unit-test";
		};
/* End PBXNativeTarget section */

/* Begin PBXProject section */
		5C460052207535DA00E1A464 /* Project object */ = {
			isa = PBXProject;
			attributes = {
				LastSwiftUpdateCheck = 0930;
				LastUpgradeCheck = 0930;
				ORGANIZATIONNAME = "Sascha Schramm";
				TargetAttributes = {
					5C460059207535DA00E1A464 = {
						CreatedOnToolsVersion = 9.3;
					};
					5C4600672075360E00E1A464 = {
						CreatedOnToolsVersion = 9.3;
					};
				};
			};
			buildConfigurationList = 5C460055207535DA00E1A464 /* Build configuration list for PBXProject "MultiArmedBandits" */;
			compatibilityVersion = "Xcode 9.3";
			developmentRegion = en;
			hasScannedForEncodings = 0;
			knownRegions = (
				en,
			);
			mainGroup = 5C460051207535DA00E1A464;
			productRefGroup = 5C46005B207535DA00E1A464 /* Products */;
			projectDirPath = "";
			projectRoot = "";
			targets = (
				5C460059207535DA00E1A464 /* MultiArmedBandits */,
				5C4600672075360E00E1A464 /* MultiArmedBanditsTests */,
			);
		};
/* End PBXProject section */

/* Begin PBXResourcesBuildPhase section */
		5C4600662075360E00E1A464 /* Resources */ = {
			isa = PBXResourcesBuildPhase;
			buildActionMask = 2147483647;
			files = (
			);
			runOnlyForDeploymentPostprocessing = 0;
		};
/* End PBXResourcesBuildPhase section */

/* Begin PBXSourcesBuildPhase section */
		5C460056207535DA00E1A464 /* Sources */ = {
			isa = PBXSourcesBuildPhase;
			buildActionMask = 2147483647;
			files = (
				5C4600712075364200E1A464 /* Random.swift in Sources */,
				5C46007E207559F100E1A464 /* Exact.swift in Sources */,
				5C4600802078D52500E1A464 /* NumericalDifferentiation.swift in Sources */,
				5C46005E207535DA00E1A464 /* main.swift in Sources */,
				5C46009620792C7300E1A464 /* BanditConvexOptimization.swift in Sources */,
				5C4600732075365000E1A464 /* Bandit.swift in Sources */,
				5C4600772075369D00E1A464 /* Utilities.swift in Sources */,
				5C46007C2075592900E1A464 /* Foo.swift in Sources */,
				5C4600752075366200E1A464 /* GradientAlgorithm.swift in Sources */,
			);
			runOnlyForDeploymentPostprocessing = 0;
		};
		5C4600642075360E00E1A464 /* Sources */ = {
			isa = PBXSourcesBuildPhase;
			buildActionMask = 2147483647;
			files = (
				5C46009820792DFA00E1A464 /* Utilities.swift in Sources */,
				5C46009720792DE600E1A464 /* Random.swift in Sources */,
				5C46006B2075360E00E1A464 /* MultiArmedBanditsTests.swift in Sources */,
			);
			runOnlyForDeploymentPostprocessing = 0;
		};
/* End PBXSourcesBuildPhase section */

/* Begin XCBuildConfiguration section */
		5C46005F207535DA00E1A464 /* Debug */ = {
			isa = XCBuildConfiguration;
			buildSettings = {
				ALWAYS_SEARCH_USER_PATHS = NO;
				CLANG_ANALYZER_NONNULL = YES;
				CLANG_ANALYZER_NUMBER_OBJECT_CONVERSION = YES_AGGRESSIVE;
				CLANG_CXX_LANGUAGE_STANDARD = "gnu++14";
				CLANG_CXX_LIBRARY = "libc++";
				CLANG_ENABLE_MODULES = YES;
				CLANG_ENABLE_OBJC_ARC = YES;
				CLANG_ENABLE_OBJC_WEAK = YES;
				CLANG_WARN_BLOCK_CAPTURE_AUTORELEASING = YES;
				CLANG_WARN_BOOL_CONVERSION = YES;
				CLANG_WARN_COMMA = YES;
				CLANG_WARN_CONSTANT_CONVERSION = YES;
				CLANG_WARN_DEPRECATED_OBJC_IMPLEMENTATIONS = YES;
				CLANG_WARN_DIRECT_OBJC_ISA_USAGE = YES_ERROR;
				CLANG_WARN_DOCUMENTATION_COMMENTS = YES;
				CLANG_WARN_EMPTY_BODY = YES;
				CLANG_WARN_ENUM_CONVERSION = YES;
				CLANG_WARN_INFINITE_RECURSION = YES;
				CLANG_WARN_INT_CONVERSION = YES;
				CLANG_WARN_NON_LITERAL_NULL_CONVERSION = YES;
				CLANG_WARN_OBJC_IMPLICIT_RETAIN_SELF = YES;
				CLANG_WARN_OBJC_LITERAL_CONVERSION = YES;
				CLANG_WARN_OBJC_ROOT_CLASS = YES_ERROR;
				CLANG_WARN_RANGE_LOOP_ANALYSIS = YES;
				CLANG_WARN_STRICT_PROTOTYPES = YES;
				CLANG_WARN_SUSPICIOUS_MOVE = YES;
				CLANG_WARN_UNGUARDED_AVAILABILITY = YES_AGGRESSIVE;
				CLANG_WARN_UNREACHABLE_CODE = YES;
				CLANG_WARN__DUPLICATE_METHOD_MATCH = YES;
				CODE_SIGN_IDENTITY = "-";
				COPY_PHASE_STRIP = NO;
				DEBUG_INFORMATION_FORMAT = dwarf;
				ENABLE_STRICT_OBJC_MSGSEND = YES;
				ENABLE_TESTABILITY = YES;
				GCC_C_LANGUAGE_STANDARD = gnu11;
				GCC_DYNAMIC_NO_PIC = NO;
				GCC_NO_COMMON_BLOCKS = YES;
				GCC_OPTIMIZATION_LEVEL = 0;
				GCC_PREPROCESSOR_DEFINITIONS = (
					"DEBUG=1",
					"$(inherited)",
				);
				GCC_WARN_64_TO_32_BIT_CONVERSION = YES;
				GCC_WARN_ABOUT_RETURN_TYPE = YES_ERROR;
				GCC_WARN_UNDECLARED_SELECTOR = YES;
				GCC_WARN_UNINITIALIZED_AUTOS = YES_AGGRESSIVE;
				GCC_WARN_UNUSED_FUNCTION = YES;
				GCC_WARN_UNUSED_VARIABLE = YES;
				MACOSX_DEPLOYMENT_TARGET = 10.13;
				MTL_ENABLE_DEBUG_INFO = YES;
				ONLY_ACTIVE_ARCH = YES;
				SDKROOT = macosx;
				SWIFT_ACTIVE_COMPILATION_CONDITIONS = DEBUG;
				SWIFT_OPTIMIZATION_LEVEL = "-Onone";
			};
			name = Debug;
		};
		5C460060207535DA00E1A464 /* Release */ = {
			isa = XCBuildConfiguration;
			buildSettings = {
				ALWAYS_SEARCH_USER_PATHS = NO;
				CLANG_ANALYZER_NONNULL = YES;
				CLANG_ANALYZER_NUMBER_OBJECT_CONVERSION = YES_AGGRESSIVE;
				CLANG_CXX_LANGUAGE_STANDARD = "gnu++14";
				CLANG_CXX_LIBRARY = "libc++";
				CLANG_ENABLE_MODULES = YES;
				CLANG_ENABLE_OBJC_ARC = YES;
				CLANG_ENABLE_OBJC_WEAK = YES;
				CLANG_WARN_BLOCK_CAPTURE_AUTORELEASING = YES;
				CLANG_WARN_BOOL_CONVERSION = YES;
				CLANG_WARN_COMMA = YES;
				CLANG_WARN_CONSTANT_CONVERSION = YES;
				CLANG_WARN_DEPRECATED_OBJC_IMPLEMENTATIONS = YES;
				CLANG_WARN_DIRECT_OBJC_ISA_USAGE = YES_ERROR;
				CLANG_WARN_DOCUMENTATION_COMMENTS = YES;
				CLANG_WARN_EMPTY_BODY = YES;
				CLANG_WARN_ENUM_CONVERSION = YES;
				CLANG_WARN_INFINITE_RECURSION = YES;
				CLANG_WARN_INT_CONVERSION = YES;
				CLANG_WARN_NON_LITERAL_NULL_CONVERSION = YES;
				CLANG_WARN_OBJC_IMPLICIT_RETAIN_SELF = YES;
				CLANG_WARN_OBJC_LITERAL_CONVERSION = YES;
				CLANG_WARN_OBJC_ROOT_CLASS = YES_ERROR;
				CLANG_WARN_RANGE_LOOP_ANALYSIS = YES;
				CLANG_WARN_STRICT_PROTOTYPES = YES;
				CLANG_WARN_SUSPICIOUS_MOVE = YES;
				CLANG_WARN_UNGUARDED_AVAILABILITY = YES_AGGRESSIVE;
				CLANG_WARN_UNREACHABLE_CODE = YES;
				CLANG_WARN__DUPLICATE_METHOD_MATCH = YES;
				CODE_SIGN_IDENTITY = "-";
				COPY_PHASE_STRIP = NO;
				DEBUG_INFORMATION_FORMAT = "dwarf-with-dsym";
				ENABLE_NS_ASSERTIONS = NO;
				ENABLE_STRICT_OBJC_MSGSEND = YES;
				GCC_C_LANGUAGE_STANDARD = gnu11;
				GCC_NO_COMMON_BLOCKS = YES;
				GCC_WARN_64_TO_32_BIT_CONVERSION = YES;
				GCC_WARN_ABOUT_RETURN_TYPE = YES_ERROR;
				GCC_WARN_UNDECLARED_SELECTOR = YES;
				GCC_WARN_UNINITIALIZED_AUTOS = YES_AGGRESSIVE;
				GCC_WARN_UNUSED_FUNCTION = YES;
				GCC_WARN_UNUSED_VARIABLE = YES;
				MACOSX_DEPLOYMENT_TARGET = 10.13;
				MTL_ENABLE_DEBUG_INFO = NO;
				SDKROOT = macosx;
				SWIFT_COMPILATION_MODE = wholemodule;
				SWIFT_OPTIMIZATION_LEVEL = "-O";
			};
			name = Release;
		};
		5C460062207535DA00E1A464 /* Debug */ = {
			isa = XCBuildConfiguration;
			buildSettings = {
				CODE_SIGN_STYLE = Automatic;
				PRODUCT_NAME = "$(TARGET_NAME)";
				SWIFT_VERSION = 4.0;
			};
			name = Debug;
		};
		5C460063207535DA00E1A464 /* Release */ = {
			isa = XCBuildConfiguration;
			buildSettings = {
				CODE_SIGN_STYLE = Automatic;
				PRODUCT_NAME = "$(TARGET_NAME)";
				SWIFT_VERSION = 4.0;
			};
			name = Release;
		};
		5C46006E2075360E00E1A464 /* Debug */ = {
			isa = XCBuildConfiguration;
			buildSettings = {
				CODE_SIGN_STYLE = Automatic;
				COMBINE_HIDPI_IMAGES = YES;
				INFOPLIST_FILE = MultiArmedBanditsTests/Info.plist;
				LD_RUNPATH_SEARCH_PATHS = (
					"$(inherited)",
					"@executable_path/../Frameworks",
					"@loader_path/../Frameworks",
				);
				PRODUCT_BUNDLE_IDENTIFIER = com.saschaschramm.MultiArmedBanditsTests;
				PRODUCT_NAME = "$(TARGET_NAME)";
				SWIFT_VERSION = 4.0;
			};
			name = Debug;
		};
		5C46006F2075360E00E1A464 /* Release */ = {
			isa = XCBuildConfiguration;
			buildSettings = {
				CODE_SIGN_STYLE = Automatic;
				COMBINE_HIDPI_IMAGES = YES;
				INFOPLIST_FILE = MultiArmedBanditsTests/Info.plist;
				LD_RUNPATH_SEARCH_PATHS = (
					"$(inherited)",
					"@executable_path/../Frameworks",
					"@loader_path/../Frameworks",
				);
				PRODUCT_BUNDLE_IDENTIFIER = com.saschaschramm.MultiArmedBanditsTests;
				PRODUCT_NAME = "$(TARGET_NAME)";
				SWIFT_VERSION = 4.0;
			};
			name = Release;
		};
/* End XCBuildConfiguration section */

/* Begin XCConfigurationList section */
		5C460055207535DA00E1A464 /* Build configuration list for PBXProject "MultiArmedBandits" */ = {
			isa = XCConfigurationList;
			buildConfigurations = (
				5C46005F207535DA00E1A464 /* Debug */,
				5C460060207535DA00E1A464 /* Release */,
			);
			defaultConfigurationIsVisible = 0;
			defaultConfigurationName = Release;
		};
		5C460061207535DA00E1A464 /* Build configuration list for PBXNativeTarget "MultiArmedBandits" */ = {
			isa = XCConfigurationList;
			buildConfigurations = (
				5C460062207535DA00E1A464 /* Debug */,
				5C460063207535DA00E1A464 /* Release */,
			);
			defaultConfigurationIsVisible = 0;
			defaultConfigurationName = Release;
		};
		5C46006D2075360E00E1A464 /* Build configuration list for PBXNativeTarget "MultiArmedBanditsTests" */ = {
			isa = XCConfigurationList;
			buildConfigurations = (
				5C46006E2075360E00E1A464 /* Debug */,
				5C46006F2075360E00E1A464 /* Release */,
			);
			defaultConfigurationIsVisible = 0;
			defaultConfigurationName = Release;
		};
/* End XCConfigurationList section */
	};
	rootObject = 5C460052207535DA00E1A464 /* Project object */;
}
